
Microsoft Visual Studio Solution File, Format Version 12.00
# Visual Studio Version 16
VisualStudioVersion = 16.0.29326.143
MinimumVisualStudioVersion = 10.0.40219.1
Project("{FAE04EC0-301F-11D3-BF4B-00C04F79EFBC}") = "WebAPISAP", "WebAPISAP\WebAPISAP.csproj", "{DD009BED-77AA-4642-9895-379FAF3CE808}"
EndProject
Global
	GlobalSection(SolutionConfigurationPlatforms) = preSolution
		Debug|Any CPU = Debug|Any CPU
		Release|Any CPU = Release|Any CPU
	EndGlobalSection
	GlobalSection(ProjectConfigurationPlatforms) = postSolution
		{DD009BED-77AA-4642-9895-379FAF3CE808}.Debug|Any CPU.ActiveCfg = Debug|Any CPU
		{DD009BED-77AA-4642-9895-379FAF3CE808}.Debug|Any CPU.Build.0 = Debug|Any CPU
		{DD009BED-77AA-4642-9895-379FAF3CE808}.Release|Any CPU.ActiveCfg = Release|Any CPU
		{DD009BED-77AA-4642-9895-379FAF3CE808}.Release|Any CPU.Build.0 = Release|Any CPU
	EndGlobalSection
	GlobalSection(SolutionProperties) = preSolution
		HideSolutionNode = FALSE
	EndGlobalSection
	GlobalSection(ExtensibilityGlobals) = postSolution
		SolutionGuid = {47C97DDD-FE2D-480A-8475-7D619ABE5BE0}
	EndGlobalSection
EndGlobal
